
Microsoft Visual Studio Solution File, Format Version 12.00
# Visual Studio Version 17
VisualStudioVersion = 17.13.35919.96 d17.13
MinimumVisualStudioVersion = 10.0.40219.1
Project("{FAE04EC0-301F-11D3-BF4B-00C04F79EFBC}") = "WebApp", "WebApp\WebApp.csproj", "{ABCF1CD1-AD30-4EF8-B141-45F8ED6FA497}"
EndProject
Global
	GlobalSection(SolutionConfigurationPlatforms) = preSolution
		Debug|Any CPU = Debug|Any CPU
		Release|Any CPU = Release|Any CPU
	EndGlobalSection
	GlobalSection(ProjectConfigurationPlatforms) = postSolution
		{ABCF1CD1-AD30-4EF8-B141-45F8ED6FA497}.Debug|Any CPU.ActiveCfg = Debug|Any CPU
		{ABCF1CD1-AD30-4EF8-B141-45F8ED6FA497}.Debug|Any CPU.Build.0 = Debug|Any CPU
		{ABCF1CD1-AD30-4EF8-B141-45F8ED6FA497}.Release|Any CPU.ActiveCfg = Release|Any CPU
		{ABCF1CD1-AD30-4EF8-B141-45F8ED6FA497}.Release|Any CPU.Build.0 = Release|Any CPU
	EndGlobalSection
	GlobalSection(SolutionProperties) = preSolution
		HideSolutionNode = FALSE
	EndGlobalSection
	GlobalSection(ExtensibilityGlobals) = postSolution
		SolutionGuid = {CEC41926-BF14-4F08-AC85-E16A43539C99}
	EndGlobalSection
EndGlobal
